
Microsoft Visual Studio Solution File, Format Version 12.00
# Visual Studio Version 17
VisualStudioVersion = 17.4.33205.214
MinimumVisualStudioVersion = 10.0.40219.1
Project("{FAE04EC0-301F-11D3-BF4B-00C04F79EFBC}") = "Exception_Handling", "Exception_Handling.csproj", "{4B00A87D-5B9D-4C29-A8A8-CE167258D413}"
EndProject
Global
	GlobalSection(SolutionConfigurationPlatforms) = preSolution
		Debug|Any CPU = Debug|Any CPU
		Release|Any CPU = Release|Any CPU
	EndGlobalSection
	GlobalSection(ProjectConfigurationPlatforms) = postSolution
		{4B00A87D-5B9D-4C29-A8A8-CE167258D413}.Debug|Any CPU.ActiveCfg = Debug|Any CPU
		{4B00A87D-5B9D-4C29-A8A8-CE167258D413}.Debug|Any CPU.Build.0 = Debug|Any CPU
		{4B00A87D-5B9D-4C29-A8A8-CE167258D413}.Release|Any CPU.ActiveCfg = Release|Any CPU
		{4B00A87D-5B9D-4C29-A8A8-CE167258D413}.Release|Any CPU.Build.0 = Release|Any CPU
	EndGlobalSection
	GlobalSection(SolutionProperties) = preSolution
		HideSolutionNode = FALSE
	EndGlobalSection
	GlobalSection(ExtensibilityGlobals) = postSolution
		SolutionGuid = {711D18BC-7CA8-4C9E-9F61-70F13874A328}
	EndGlobalSection
EndGlobal
